
Microsoft Visual Studio Solution File, Format Version 12.00
# Visual Studio Version 16
VisualStudioVersion = 16.0.31829.152
MinimumVisualStudioVersion = 10.0.40219.1
Project("{8BC9CEB8-8B4A-11D0-8D11-00A0C91BC942}") = "Lab02_Bai01_HamDonGian", "Lab02_Bai01_HamDonGian\Lab02_Bai01_HamDonGian.vcxproj", "{BAB053C5-7020-4A73-BE81-93E64D1BFA9A}"
EndProject
Global
	GlobalSection(SolutionConfigurationPlatforms) = preSolution
		Debug|x64 = Debug|x64
		Debug|x86 = Debug|x86
		Release|x64 = Release|x64
		Release|x86 = Release|x86
	EndGlobalSection
	GlobalSection(ProjectConfigurationPlatforms) = postSolution
		{BAB053C5-7020-4A73-BE81-93E64D1BFA9A}.Debug|x64.ActiveCfg = Debug|x64
		{BAB053C5-7020-4A73-BE81-93E64D1BFA9A}.Debug|x64.Build.0 = Debug|x64
		{BAB053C5-7020-4A73-BE81-93E64D1BFA9A}.Debug|x86.ActiveCfg = Debug|Win32
		{BAB053C5-7020-4A73-BE81-93E64D1BFA9A}.Debug|x86.Build.0 = Debug|Win32
		{BAB053C5-7020-4A73-BE81-93E64D1BFA9A}.Release|x64.ActiveCfg = Release|x64
		{BAB053C5-7020-4A73-BE81-93E64D1BFA9A}.Release|x64.Build.0 = Release|x64
		{BAB053C5-7020-4A73-BE81-93E64D1BFA9A}.Release|x86.ActiveCfg = Release|Win32
		{BAB053C5-7020-4A73-BE81-93E64D1BFA9A}.Release|x86.Build.0 = Release|Win32
	EndGlobalSection
	GlobalSection(SolutionProperties) = preSolution
		HideSolutionNode = FALSE
	EndGlobalSection
	GlobalSection(ExtensibilityGlobals) = postSolution
		SolutionGuid = {D7EBB128-24B6-4874-93E1-4C79E1CE0B84}
	EndGlobalSection
EndGlobal
