
Microsoft Visual Studio Solution File, Format Version 12.00
# Visual Studio Version 16
VisualStudioVersion = 16.0.32106.194
MinimumVisualStudioVersion = 10.0.40219.1
Project("{8BC9CEB8-8B4A-11D0-8D11-00A0C91BC942}") = "Lab01_P2_BaiTap", "Lab01_P2_BaiTap\Lab01_P2_BaiTap.vcxproj", "{DB284C1B-1FA8-4378-9040-6A6A6F8218C0}"
EndProject
Global
	GlobalSection(SolutionConfigurationPlatforms) = preSolution
		Debug|x64 = Debug|x64
		Debug|x86 = Debug|x86
		Release|x64 = Release|x64
		Release|x86 = Release|x86
	EndGlobalSection
	GlobalSection(ProjectConfigurationPlatforms) = postSolution
		{DB284C1B-1FA8-4378-9040-6A6A6F8218C0}.Debug|x64.ActiveCfg = Debug|x64
		{DB284C1B-1FA8-4378-9040-6A6A6F8218C0}.Debug|x64.Build.0 = Debug|x64
		{DB284C1B-1FA8-4378-9040-6A6A6F8218C0}.Debug|x86.ActiveCfg = Debug|Win32
		{DB284C1B-1FA8-4378-9040-6A6A6F8218C0}.Debug|x86.Build.0 = Debug|Win32
		{DB284C1B-1FA8-4378-9040-6A6A6F8218C0}.Release|x64.ActiveCfg = Release|x64
		{DB284C1B-1FA8-4378-9040-6A6A6F8218C0}.Release|x64.Build.0 = Release|x64
		{DB284C1B-1FA8-4378-9040-6A6A6F8218C0}.Release|x86.ActiveCfg = Release|Win32
		{DB284C1B-1FA8-4378-9040-6A6A6F8218C0}.Release|x86.Build.0 = Release|Win32
	EndGlobalSection
	GlobalSection(SolutionProperties) = preSolution
		HideSolutionNode = FALSE
	EndGlobalSection
	GlobalSection(ExtensibilityGlobals) = postSolution
		SolutionGuid = {B4099DB8-4FF2-4385-A608-EE95E826B127}
	EndGlobalSection
EndGlobal
