
Microsoft Visual Studio Solution File, Format Version 12.00
# Visual Studio Version 16
VisualStudioVersion = 16.0.31911.196
MinimumVisualStudioVersion = 10.0.40219.1
Project("{8BC9CEB8-8B4A-11D0-8D11-00A0C91BC942}") = "Lab06_D_Bai04", "Lab06_D_Bai04\Lab06_D_Bai04.vcxproj", "{D0AE453D-D01B-40AA-99B2-B2523A7897EE}"
EndProject
Global
	GlobalSection(SolutionConfigurationPlatforms) = preSolution
		Debug|x64 = Debug|x64
		Debug|x86 = Debug|x86
		Release|x64 = Release|x64
		Release|x86 = Release|x86
	EndGlobalSection
	GlobalSection(ProjectConfigurationPlatforms) = postSolution
		{D0AE453D-D01B-40AA-99B2-B2523A7897EE}.Debug|x64.ActiveCfg = Debug|x64
		{D0AE453D-D01B-40AA-99B2-B2523A7897EE}.Debug|x64.Build.0 = Debug|x64
		{D0AE453D-D01B-40AA-99B2-B2523A7897EE}.Debug|x86.ActiveCfg = Debug|Win32
		{D0AE453D-D01B-40AA-99B2-B2523A7897EE}.Debug|x86.Build.0 = Debug|Win32
		{D0AE453D-D01B-40AA-99B2-B2523A7897EE}.Release|x64.ActiveCfg = Release|x64
		{D0AE453D-D01B-40AA-99B2-B2523A7897EE}.Release|x64.Build.0 = Release|x64
		{D0AE453D-D01B-40AA-99B2-B2523A7897EE}.Release|x86.ActiveCfg = Release|Win32
		{D0AE453D-D01B-40AA-99B2-B2523A7897EE}.Release|x86.Build.0 = Release|Win32
	EndGlobalSection
	GlobalSection(SolutionProperties) = preSolution
		HideSolutionNode = FALSE
	EndGlobalSection
	GlobalSection(ExtensibilityGlobals) = postSolution
		SolutionGuid = {3E074442-6502-4D3F-81CB-79AE4D04ADEC}
	EndGlobalSection
EndGlobal
