
Microsoft Visual Studio Solution File, Format Version 12.00
# Visual Studio Version 16
VisualStudioVersion = 16.0.32106.194
MinimumVisualStudioVersion = 10.0.40219.1
Project("{8BC9CEB8-8B4A-11D0-8D11-00A0C91BC942}") = "Lab01_P2_Bai03", "Lab01_P2_Bai03\Lab01_P2_Bai03.vcxproj", "{192B64E1-D620-40E3-9170-2ECF526A7796}"
EndProject
Global
	GlobalSection(SolutionConfigurationPlatforms) = preSolution
		Debug|x64 = Debug|x64
		Debug|x86 = Debug|x86
		Release|x64 = Release|x64
		Release|x86 = Release|x86
	EndGlobalSection
	GlobalSection(ProjectConfigurationPlatforms) = postSolution
		{192B64E1-D620-40E3-9170-2ECF526A7796}.Debug|x64.ActiveCfg = Debug|x64
		{192B64E1-D620-40E3-9170-2ECF526A7796}.Debug|x64.Build.0 = Debug|x64
		{192B64E1-D620-40E3-9170-2ECF526A7796}.Debug|x86.ActiveCfg = Debug|Win32
		{192B64E1-D620-40E3-9170-2ECF526A7796}.Debug|x86.Build.0 = Debug|Win32
		{192B64E1-D620-40E3-9170-2ECF526A7796}.Release|x64.ActiveCfg = Release|x64
		{192B64E1-D620-40E3-9170-2ECF526A7796}.Release|x64.Build.0 = Release|x64
		{192B64E1-D620-40E3-9170-2ECF526A7796}.Release|x86.ActiveCfg = Release|Win32
		{192B64E1-D620-40E3-9170-2ECF526A7796}.Release|x86.Build.0 = Release|Win32
	EndGlobalSection
	GlobalSection(SolutionProperties) = preSolution
		HideSolutionNode = FALSE
	EndGlobalSection
	GlobalSection(ExtensibilityGlobals) = postSolution
		SolutionGuid = {DEB5FB44-ECB3-47CD-98AF-0B9E8C68E8B9}
	EndGlobalSection
EndGlobal
