
Microsoft Visual Studio Solution File, Format Version 12.00
# Visual Studio Version 16
VisualStudioVersion = 16.0.31911.196
MinimumVisualStudioVersion = 10.0.40219.1
Project("{8BC9CEB8-8B4A-11D0-8D11-00A0C91BC942}") = "Lab03_Bai01_PhuongTrinhBacNhat", "Lab03_Bai01_PhuongTrinhBacNhat\Lab03_Bai01_PhuongTrinhBacNhat.vcxproj", "{FD0D1974-1276-4168-A713-AB0C72821CC5}"
EndProject
Global
	GlobalSection(SolutionConfigurationPlatforms) = preSolution
		Debug|x64 = Debug|x64
		Debug|x86 = Debug|x86
		Release|x64 = Release|x64
		Release|x86 = Release|x86
	EndGlobalSection
	GlobalSection(ProjectConfigurationPlatforms) = postSolution
		{FD0D1974-1276-4168-A713-AB0C72821CC5}.Debug|x64.ActiveCfg = Debug|x64
		{FD0D1974-1276-4168-A713-AB0C72821CC5}.Debug|x64.Build.0 = Debug|x64
		{FD0D1974-1276-4168-A713-AB0C72821CC5}.Debug|x86.ActiveCfg = Debug|Win32
		{FD0D1974-1276-4168-A713-AB0C72821CC5}.Debug|x86.Build.0 = Debug|Win32
		{FD0D1974-1276-4168-A713-AB0C72821CC5}.Release|x64.ActiveCfg = Release|x64
		{FD0D1974-1276-4168-A713-AB0C72821CC5}.Release|x64.Build.0 = Release|x64
		{FD0D1974-1276-4168-A713-AB0C72821CC5}.Release|x86.ActiveCfg = Release|Win32
		{FD0D1974-1276-4168-A713-AB0C72821CC5}.Release|x86.Build.0 = Release|Win32
	EndGlobalSection
	GlobalSection(SolutionProperties) = preSolution
		HideSolutionNode = FALSE
	EndGlobalSection
	GlobalSection(ExtensibilityGlobals) = postSolution
		SolutionGuid = {D1105358-EDE4-467F-89CB-9CA56F6F277E}
	EndGlobalSection
EndGlobal
